
Microsoft Visual Studio Solution File, Format Version 12.00
# Visual Studio 2012
Project("{FAE04EC0-301F-11D3-BF4B-00C04F79EFBC}") = "FFXIV Crafting Calculator", "FFXIV Crafting Calculator\FFXIV Crafting Calculator.csproj", "{2940D4CE-22DA-47C7-9BBF-B5C1B2F89873}"
EndProject
Global
	GlobalSection(SolutionConfigurationPlatforms) = preSolution
		Debug|Any CPU = Debug|Any CPU
		Release|Any CPU = Release|Any CPU
	EndGlobalSection
	GlobalSection(ProjectConfigurationPlatforms) = postSolution
		{2940D4CE-22DA-47C7-9BBF-B5C1B2F89873}.Debug|Any CPU.ActiveCfg = Debug|Any CPU
		{2940D4CE-22DA-47C7-9BBF-B5C1B2F89873}.Debug|Any CPU.Build.0 = Debug|Any CPU
		{2940D4CE-22DA-47C7-9BBF-B5C1B2F89873}.Release|Any CPU.ActiveCfg = Release|Any CPU
		{2940D4CE-22DA-47C7-9BBF-B5C1B2F89873}.Release|Any CPU.Build.0 = Release|Any CPU
	EndGlobalSection
	GlobalSection(SolutionProperties) = preSolution
		HideSolutionNode = FALSE
	EndGlobalSection
EndGlobal
